
Microsoft Visual Studio Solution File, Format Version 12.00
# Visual Studio Version 17
VisualStudioVersion = 17.5.33516.290
MinimumVisualStudioVersion = 10.0.40219.1
Project("{FAE04EC0-301F-11D3-BF4B-00C04F79EFBC}") = "UAS_PABD", "UAS_PABD\UAS_PABD.csproj", "{8D97497D-2633-43C2-ABAC-B96BDF3143BB}"
EndProject
Global
	GlobalSection(SolutionConfigurationPlatforms) = preSolution
		Debug|Any CPU = Debug|Any CPU
		Release|Any CPU = Release|Any CPU
	EndGlobalSection
	GlobalSection(ProjectConfigurationPlatforms) = postSolution
		{8D97497D-2633-43C2-ABAC-B96BDF3143BB}.Debug|Any CPU.ActiveCfg = Debug|Any CPU
		{8D97497D-2633-43C2-ABAC-B96BDF3143BB}.Debug|Any CPU.Build.0 = Debug|Any CPU
		{8D97497D-2633-43C2-ABAC-B96BDF3143BB}.Release|Any CPU.ActiveCfg = Release|Any CPU
		{8D97497D-2633-43C2-ABAC-B96BDF3143BB}.Release|Any CPU.Build.0 = Release|Any CPU
	EndGlobalSection
	GlobalSection(SolutionProperties) = preSolution
		HideSolutionNode = FALSE
	EndGlobalSection
	GlobalSection(ExtensibilityGlobals) = postSolution
		SolutionGuid = {51B05CD5-37E9-4D07-8EB5-3870CD10EAC2}
	EndGlobalSection
EndGlobal
